
Microsoft Visual Studio Solution File, Format Version 12.00
# Visual Studio Version 17
VisualStudioVersion = 17.0.31903.59
MinimumVisualStudioVersion = 10.0.40219.1
Project("{2150E333-8FDC-42A3-9474-1A3956D46DE8}") = "src", "src", "{F5E87565-0D2E-4A44-BD05-36E1F14EBF09}"
EndProject
Project("{9A19103F-16F7-4668-BE54-9A1E7A4F7556}") = "Soda.Protocol.Framework", "src\Soda.Protocol.Framework\Soda.Protocol.Framework.csproj", "{DDD94450-CAC5-44F9-A840-14075BAFA312}"
EndProject
Project("{2150E333-8FDC-42A3-9474-1A3956D46DE8}") = "test", "test", "{E442B93E-A13D-4E00-BF0D-46413F764800}"
EndProject
Project("{FAE04EC0-301F-11D3-BF4B-00C04F79EFBC}") = "Soda.Protocol.Framework.Test", "test\Soda.Protocol.Framework.Test\Soda.Protocol.Framework.Test.csproj", "{F04963C7-B358-4CCE-8617-381250B69666}"
EndProject
Global
	GlobalSection(SolutionConfigurationPlatforms) = preSolution
		Debug|Any CPU = Debug|Any CPU
		Release|Any CPU = Release|Any CPU
	EndGlobalSection
	GlobalSection(ProjectConfigurationPlatforms) = postSolution
		{DDD94450-CAC5-44F9-A840-14075BAFA312}.Debug|Any CPU.ActiveCfg = Debug|Any CPU
		{DDD94450-CAC5-44F9-A840-14075BAFA312}.Debug|Any CPU.Build.0 = Debug|Any CPU
		{DDD94450-CAC5-44F9-A840-14075BAFA312}.Release|Any CPU.ActiveCfg = Release|Any CPU
		{DDD94450-CAC5-44F9-A840-14075BAFA312}.Release|Any CPU.Build.0 = Release|Any CPU
		{F04963C7-B358-4CCE-8617-381250B69666}.Debug|Any CPU.ActiveCfg = Debug|Any CPU
		{F04963C7-B358-4CCE-8617-381250B69666}.Debug|Any CPU.Build.0 = Debug|Any CPU
		{F04963C7-B358-4CCE-8617-381250B69666}.Release|Any CPU.ActiveCfg = Release|Any CPU
		{F04963C7-B358-4CCE-8617-381250B69666}.Release|Any CPU.Build.0 = Release|Any CPU
	EndGlobalSection
	GlobalSection(SolutionProperties) = preSolution
		HideSolutionNode = FALSE
	EndGlobalSection
	GlobalSection(NestedProjects) = preSolution
		{DDD94450-CAC5-44F9-A840-14075BAFA312} = {F5E87565-0D2E-4A44-BD05-36E1F14EBF09}
		{F04963C7-B358-4CCE-8617-381250B69666} = {E442B93E-A13D-4E00-BF0D-46413F764800}
	EndGlobalSection
	GlobalSection(ExtensibilityGlobals) = postSolution
		SolutionGuid = {F404BA8A-7FED-442C-BD40-0B88F3DD6F0B}
	EndGlobalSection
EndGlobal
